
Microsoft Visual Studio Solution File, Format Version 12.00
# Visual Studio Version 16
VisualStudioVersion = 16.0.30011.22
MinimumVisualStudioVersion = 10.0.40219.1
Project("{FAE04EC0-301F-11D3-BF4B-00C04F79EFBC}") = "DemoGiuaky", "DemoGiuaky.csproj", "{A90471B4-398E-45A5-AC4A-F9D0AEC10009}"
EndProject
Global
	GlobalSection(SolutionConfigurationPlatforms) = preSolution
		Debug|Any CPU = Debug|Any CPU
		Release|Any CPU = Release|Any CPU
	EndGlobalSection
	GlobalSection(ProjectConfigurationPlatforms) = postSolution
		{A90471B4-398E-45A5-AC4A-F9D0AEC10009}.Debug|Any CPU.ActiveCfg = Debug|Any CPU
		{A90471B4-398E-45A5-AC4A-F9D0AEC10009}.Debug|Any CPU.Build.0 = Debug|Any CPU
		{A90471B4-398E-45A5-AC4A-F9D0AEC10009}.Release|Any CPU.ActiveCfg = Release|Any CPU
		{A90471B4-398E-45A5-AC4A-F9D0AEC10009}.Release|Any CPU.Build.0 = Release|Any CPU
	EndGlobalSection
	GlobalSection(SolutionProperties) = preSolution
		HideSolutionNode = FALSE
	EndGlobalSection
	GlobalSection(ExtensibilityGlobals) = postSolution
		SolutionGuid = {90F46F39-58C4-4F60-956C-DBC789B9C53C}
	EndGlobalSection
EndGlobal
