
Microsoft Visual Studio Solution File, Format Version 12.00
# Visual Studio Version 16
VisualStudioVersion = 16.0.29806.167
MinimumVisualStudioVersion = 10.0.40219.1
Project("{FAE04EC0-301F-11D3-BF4B-00C04F79EFBC}") = "Bai6", "Bai6.csproj", "{31718584-236E-4D36-9A90-CDDD5D894BA7}"
EndProject
Global
	GlobalSection(SolutionConfigurationPlatforms) = preSolution
		Debug|Any CPU = Debug|Any CPU
		Release|Any CPU = Release|Any CPU
	EndGlobalSection
	GlobalSection(ProjectConfigurationPlatforms) = postSolution
		{31718584-236E-4D36-9A90-CDDD5D894BA7}.Debug|Any CPU.ActiveCfg = Debug|Any CPU
		{31718584-236E-4D36-9A90-CDDD5D894BA7}.Debug|Any CPU.Build.0 = Debug|Any CPU
		{31718584-236E-4D36-9A90-CDDD5D894BA7}.Release|Any CPU.ActiveCfg = Release|Any CPU
		{31718584-236E-4D36-9A90-CDDD5D894BA7}.Release|Any CPU.Build.0 = Release|Any CPU
	EndGlobalSection
	GlobalSection(SolutionProperties) = preSolution
		HideSolutionNode = FALSE
	EndGlobalSection
	GlobalSection(ExtensibilityGlobals) = postSolution
		SolutionGuid = {24C45679-32C8-4C81-A4A7-52AD033B2911}
	EndGlobalSection
EndGlobal
